# THIS IS AN AUTOGENERATED FILE. DO NOT EDIT THIS FILE DIRECTLY.
# yarn lockfile v1


arcsecond@^2.0.3:
  version "2.0.3"
  resolved "https://registry.yarnpkg.com/arcsecond/-/arcsecond-2.0.3.tgz#2bc84468d6a4f89749bd01323d4e242edddf2b55"
  integrity sha512-dSEFt41ZZ97KjmRx4gZbzzKtgiSJcSxR2CvQ6608El67dVOfPr8aoYyQ74d85gPMRmt8mOGSbROsIWhgwpc+Hg==
